
Microsoft Visual Studio Solution File, Format Version 12.00
# Visual Studio 14
VisualStudioVersion = 14.0.25420.1
MinimumVisualStudioVersion = 10.0.40219.1
Project("{FAE04EC0-301F-11D3-BF4B-00C04F79EFBC}") = "Moshang.OA.EFDAL", "Moshang.OA.EFDAL\Moshang.OA.EFDAL.csproj", "{2813E5A8-AFAC-4126-953C-FEF832CF729B}"
EndProject
Project("{FAE04EC0-301F-11D3-BF4B-00C04F79EFBC}") = "Moshang.OA.BLL", "Moshang.OA.BLL\Moshang.OA.BLL.csproj", "{AB416381-46D8-40A9-A773-62C8B809F9C1}"
EndProject
Project("{FAE04EC0-301F-11D3-BF4B-00C04F79EFBC}") = "Moshang.OA.Common", "Moshang.OA.Common\Moshang.OA.Common.csproj", "{4E771204-5875-4B0C-A065-054F210473CE}"
EndProject
Project("{FAE04EC0-301F-11D3-BF4B-00C04F79EFBC}") = "Moshang.OA.UnitTest", "Moshang.OA.UnitTest\Moshang.OA.UnitTest.csproj", "{B95741F8-3E39-41D0-BBDB-70F3F8AE1CA8}"
EndProject
Project("{FAE04EC0-301F-11D3-BF4B-00C04F79EFBC}") = "Moshang.OA.IDAL", "Moshang.OA.IDAL\Moshang.OA.IDAL.csproj", "{C67A22EE-DC52-4FC1-B707-88B0ED019EFF}"
EndProject
Project("{FAE04EC0-301F-11D3-BF4B-00C04F79EFBC}") = "Moshang.OA.DALFactory", "Moshang.OA.DALFactory\Moshang.OA.DALFactory.csproj", "{03FB33D5-3E30-4681-8132-B600D2894D63}"
EndProject
Project("{FAE04EC0-301F-11D3-BF4B-00C04F79EFBC}") = "Moshang.OA.IBLL", "Moshang.OA.IBLL\Moshang.OA.IBLL.csproj", "{362D1ED6-FC00-4E00-9923-3A6B30630C3F}"
EndProject
Project("{FAE04EC0-301F-11D3-BF4B-00C04F79EFBC}") = "Moshang.OA.Model", "Moshang.OA.Model\Moshang.OA.Model.csproj", "{E7742DF3-245D-443F-BDFF-514570EE6D59}"
EndProject
Project("{2150E333-8FDC-42A3-9474-1A3956D46DE8}") = "DAL", "DAL", "{4DD8E24E-72E9-4F2A-B6A5-7C216E2DFCA5}"
EndProject
Project("{2150E333-8FDC-42A3-9474-1A3956D46DE8}") = "BLL", "BLL", "{E163D499-25B5-4CB8-B684-F2A1B5DFB604}"
EndProject
Project("{2150E333-8FDC-42A3-9474-1A3956D46DE8}") = "Model", "Model", "{2412C5A3-55BC-47C5-A682-15DD20A69F58}"
EndProject
Project("{2150E333-8FDC-42A3-9474-1A3956D46DE8}") = "Common", "Common", "{A75B73E3-2CA9-4A40-B6D0-2E55D833DD31}"
EndProject
Project("{2150E333-8FDC-42A3-9474-1A3956D46DE8}") = "UI", "UI", "{BF6DE84B-61B3-49B4-89AD-548B10A3A052}"
EndProject
Project("{2150E333-8FDC-42A3-9474-1A3956D46DE8}") = "UnitTest", "UnitTest", "{4FFEFC44-2AA0-40C5-8A2F-D8D5334572BD}"
EndProject
Project("{2150E333-8FDC-42A3-9474-1A3956D46DE8}") = "Demos", "Demos", "{90D670FB-699F-45F7-AFD8-ED3C6B477351}"
EndProject
Project("{FAE04EC0-301F-11D3-BF4B-00C04F79EFBC}") = "SpringNetDemo", "SpringNetDemo\SpringNetDemo.csproj", "{7DB466F9-D018-48A6-850A-22F8E16DCAAC}"
EndProject
Project("{FAE04EC0-301F-11D3-BF4B-00C04F79EFBC}") = "Moshang.OA.UI.Portal", "Moshang.OA.UI.Portal\Moshang.OA.UI.Portal.csproj", "{76709D33-69D8-4437-B6C0-7642170E2270}"
EndProject
Project("{FAE04EC0-301F-11D3-BF4B-00C04F79EFBC}") = "T4Deoms", "T4Deoms\T4Deoms.csproj", "{172E479C-05A5-4EE0-AF2E-BB202681FF52}"
EndProject
Project("{FAE04EC0-301F-11D3-BF4B-00C04F79EFBC}") = "Log4NetDemo", "Log4NetDemo\Log4NetDemo.csproj", "{E4723027-0EAB-47EB-941A-66A87525FD4D}"
EndProject
Project("{FAE04EC0-301F-11D3-BF4B-00C04F79EFBC}") = "MemcacheDemo", "MemcacheDemo\MemcacheDemo.csproj", "{BD41E31A-D4E4-4312-ADD1-B8606C75EBED}"
EndProject
Project("{FAE04EC0-301F-11D3-BF4B-00C04F79EFBC}") = "RedisDemo", "RedisDemo\RedisDemo.csproj", "{B63FCEEF-E5B5-475D-B122-4D2073E342F5}"
EndProject
Global
	GlobalSection(SolutionConfigurationPlatforms) = preSolution
		Debug|Any CPU = Debug|Any CPU
		Release|Any CPU = Release|Any CPU
	EndGlobalSection
	GlobalSection(ProjectConfigurationPlatforms) = postSolution
		{2813E5A8-AFAC-4126-953C-FEF832CF729B}.Debug|Any CPU.ActiveCfg = Debug|Any CPU
		{2813E5A8-AFAC-4126-953C-FEF832CF729B}.Debug|Any CPU.Build.0 = Debug|Any CPU
		{2813E5A8-AFAC-4126-953C-FEF832CF729B}.Release|Any CPU.ActiveCfg = Release|Any CPU
		{2813E5A8-AFAC-4126-953C-FEF832CF729B}.Release|Any CPU.Build.0 = Release|Any CPU
		{AB416381-46D8-40A9-A773-62C8B809F9C1}.Debug|Any CPU.ActiveCfg = Debug|Any CPU
		{AB416381-46D8-40A9-A773-62C8B809F9C1}.Debug|Any CPU.Build.0 = Debug|Any CPU
		{AB416381-46D8-40A9-A773-62C8B809F9C1}.Release|Any CPU.ActiveCfg = Release|Any CPU
		{AB416381-46D8-40A9-A773-62C8B809F9C1}.Release|Any CPU.Build.0 = Release|Any CPU
		{4E771204-5875-4B0C-A065-054F210473CE}.Debug|Any CPU.ActiveCfg = Debug|Any CPU
		{4E771204-5875-4B0C-A065-054F210473CE}.Debug|Any CPU.Build.0 = Debug|Any CPU
		{4E771204-5875-4B0C-A065-054F210473CE}.Release|Any CPU.ActiveCfg = Release|Any CPU
		{4E771204-5875-4B0C-A065-054F210473CE}.Release|Any CPU.Build.0 = Release|Any CPU
		{B95741F8-3E39-41D0-BBDB-70F3F8AE1CA8}.Debug|Any CPU.ActiveCfg = Debug|Any CPU
		{B95741F8-3E39-41D0-BBDB-70F3F8AE1CA8}.Debug|Any CPU.Build.0 = Debug|Any CPU
		{B95741F8-3E39-41D0-BBDB-70F3F8AE1CA8}.Release|Any CPU.ActiveCfg = Release|Any CPU
		{B95741F8-3E39-41D0-BBDB-70F3F8AE1CA8}.Release|Any CPU.Build.0 = Release|Any CPU
		{C67A22EE-DC52-4FC1-B707-88B0ED019EFF}.Debug|Any CPU.ActiveCfg = Debug|Any CPU
		{C67A22EE-DC52-4FC1-B707-88B0ED019EFF}.Debug|Any CPU.Build.0 = Debug|Any CPU
		{C67A22EE-DC52-4FC1-B707-88B0ED019EFF}.Release|Any CPU.ActiveCfg = Release|Any CPU
		{C67A22EE-DC52-4FC1-B707-88B0ED019EFF}.Release|Any CPU.Build.0 = Release|Any CPU
		{03FB33D5-3E30-4681-8132-B600D2894D63}.Debug|Any CPU.ActiveCfg = Debug|Any CPU
		{03FB33D5-3E30-4681-8132-B600D2894D63}.Debug|Any CPU.Build.0 = Debug|Any CPU
		{03FB33D5-3E30-4681-8132-B600D2894D63}.Release|Any CPU.ActiveCfg = Release|Any CPU
		{03FB33D5-3E30-4681-8132-B600D2894D63}.Release|Any CPU.Build.0 = Release|Any CPU
		{362D1ED6-FC00-4E00-9923-3A6B30630C3F}.Debug|Any CPU.ActiveCfg = Debug|Any CPU
		{362D1ED6-FC00-4E00-9923-3A6B30630C3F}.Debug|Any CPU.Build.0 = Debug|Any CPU
		{362D1ED6-FC00-4E00-9923-3A6B30630C3F}.Release|Any CPU.ActiveCfg = Release|Any CPU
		{362D1ED6-FC00-4E00-9923-3A6B30630C3F}.Release|Any CPU.Build.0 = Release|Any CPU
		{E7742DF3-245D-443F-BDFF-514570EE6D59}.Debug|Any CPU.ActiveCfg = Debug|Any CPU
		{E7742DF3-245D-443F-BDFF-514570EE6D59}.Debug|Any CPU.Build.0 = Debug|Any CPU
		{E7742DF3-245D-443F-BDFF-514570EE6D59}.Release|Any CPU.ActiveCfg = Release|Any CPU
		{E7742DF3-245D-443F-BDFF-514570EE6D59}.Release|Any CPU.Build.0 = Release|Any CPU
		{7DB466F9-D018-48A6-850A-22F8E16DCAAC}.Debug|Any CPU.ActiveCfg = Debug|Any CPU
		{7DB466F9-D018-48A6-850A-22F8E16DCAAC}.Debug|Any CPU.Build.0 = Debug|Any CPU
		{7DB466F9-D018-48A6-850A-22F8E16DCAAC}.Release|Any CPU.ActiveCfg = Release|Any CPU
		{7DB466F9-D018-48A6-850A-22F8E16DCAAC}.Release|Any CPU.Build.0 = Release|Any CPU
		{76709D33-69D8-4437-B6C0-7642170E2270}.Debug|Any CPU.ActiveCfg = Debug|Any CPU
		{76709D33-69D8-4437-B6C0-7642170E2270}.Debug|Any CPU.Build.0 = Debug|Any CPU
		{76709D33-69D8-4437-B6C0-7642170E2270}.Release|Any CPU.ActiveCfg = Release|Any CPU
		{76709D33-69D8-4437-B6C0-7642170E2270}.Release|Any CPU.Build.0 = Release|Any CPU
		{172E479C-05A5-4EE0-AF2E-BB202681FF52}.Debug|Any CPU.ActiveCfg = Debug|Any CPU
		{172E479C-05A5-4EE0-AF2E-BB202681FF52}.Debug|Any CPU.Build.0 = Debug|Any CPU
		{172E479C-05A5-4EE0-AF2E-BB202681FF52}.Release|Any CPU.ActiveCfg = Release|Any CPU
		{172E479C-05A5-4EE0-AF2E-BB202681FF52}.Release|Any CPU.Build.0 = Release|Any CPU
		{E4723027-0EAB-47EB-941A-66A87525FD4D}.Debug|Any CPU.ActiveCfg = Debug|Any CPU
		{E4723027-0EAB-47EB-941A-66A87525FD4D}.Debug|Any CPU.Build.0 = Debug|Any CPU
		{E4723027-0EAB-47EB-941A-66A87525FD4D}.Release|Any CPU.ActiveCfg = Release|Any CPU
		{E4723027-0EAB-47EB-941A-66A87525FD4D}.Release|Any CPU.Build.0 = Release|Any CPU
		{BD41E31A-D4E4-4312-ADD1-B8606C75EBED}.Debug|Any CPU.ActiveCfg = Debug|Any CPU
		{BD41E31A-D4E4-4312-ADD1-B8606C75EBED}.Debug|Any CPU.Build.0 = Debug|Any CPU
		{BD41E31A-D4E4-4312-ADD1-B8606C75EBED}.Release|Any CPU.ActiveCfg = Release|Any CPU
		{BD41E31A-D4E4-4312-ADD1-B8606C75EBED}.Release|Any CPU.Build.0 = Release|Any CPU
		{B63FCEEF-E5B5-475D-B122-4D2073E342F5}.Debug|Any CPU.ActiveCfg = Debug|Any CPU
		{B63FCEEF-E5B5-475D-B122-4D2073E342F5}.Debug|Any CPU.Build.0 = Debug|Any CPU
		{B63FCEEF-E5B5-475D-B122-4D2073E342F5}.Release|Any CPU.ActiveCfg = Release|Any CPU
		{B63FCEEF-E5B5-475D-B122-4D2073E342F5}.Release|Any CPU.Build.0 = Release|Any CPU
	EndGlobalSection
	GlobalSection(SolutionProperties) = preSolution
		HideSolutionNode = FALSE
	EndGlobalSection
	GlobalSection(NestedProjects) = preSolution
		{2813E5A8-AFAC-4126-953C-FEF832CF729B} = {4DD8E24E-72E9-4F2A-B6A5-7C216E2DFCA5}
		{AB416381-46D8-40A9-A773-62C8B809F9C1} = {E163D499-25B5-4CB8-B684-F2A1B5DFB604}
		{4E771204-5875-4B0C-A065-054F210473CE} = {A75B73E3-2CA9-4A40-B6D0-2E55D833DD31}
		{B95741F8-3E39-41D0-BBDB-70F3F8AE1CA8} = {4FFEFC44-2AA0-40C5-8A2F-D8D5334572BD}
		{C67A22EE-DC52-4FC1-B707-88B0ED019EFF} = {4DD8E24E-72E9-4F2A-B6A5-7C216E2DFCA5}
		{03FB33D5-3E30-4681-8132-B600D2894D63} = {4DD8E24E-72E9-4F2A-B6A5-7C216E2DFCA5}
		{362D1ED6-FC00-4E00-9923-3A6B30630C3F} = {E163D499-25B5-4CB8-B684-F2A1B5DFB604}
		{E7742DF3-245D-443F-BDFF-514570EE6D59} = {2412C5A3-55BC-47C5-A682-15DD20A69F58}
		{7DB466F9-D018-48A6-850A-22F8E16DCAAC} = {90D670FB-699F-45F7-AFD8-ED3C6B477351}
		{76709D33-69D8-4437-B6C0-7642170E2270} = {BF6DE84B-61B3-49B4-89AD-548B10A3A052}
		{172E479C-05A5-4EE0-AF2E-BB202681FF52} = {90D670FB-699F-45F7-AFD8-ED3C6B477351}
		{E4723027-0EAB-47EB-941A-66A87525FD4D} = {90D670FB-699F-45F7-AFD8-ED3C6B477351}
		{BD41E31A-D4E4-4312-ADD1-B8606C75EBED} = {90D670FB-699F-45F7-AFD8-ED3C6B477351}
		{B63FCEEF-E5B5-475D-B122-4D2073E342F5} = {90D670FB-699F-45F7-AFD8-ED3C6B477351}
	EndGlobalSection
	GlobalSection(ExtensibilityGlobals) = postSolution
		SolutionGuid = {772BA907-EC65-4CA6-8694-2C0DD64C4A68}
	EndGlobalSection
EndGlobal
